
Microsoft Visual Studio Solution File, Format Version 12.00
# Visual Studio Version 17
VisualStudioVersion = 17.5.33502.453
MinimumVisualStudioVersion = 10.0.40219.1
Project("{FAE04EC0-301F-11D3-BF4B-00C04F79EFBC}") = "ScoreServer", "ScoreServer\ScoreServer.csproj", "{814CFEF7-FA60-4F6A-9886-A6BD65F14E29}"
EndProject
Project("{FAE04EC0-301F-11D3-BF4B-00C04F79EFBC}") = "UnitTest", "UnitTest\UnitTest.csproj", "{DC9229A5-FDA9-4E1A-98A2-CF85A45AF63B}"
EndProject
Project("{2150E333-8FDC-42A3-9474-1A3956D46DE8}") = "Solution Items", "Solution Items", "{81795F53-A140-4228-9896-FE0570711831}"
	ProjectSection(SolutionItems) = preProject
		.editorconfig = .editorconfig
	EndProjectSection
EndProject
Global
	GlobalSection(SolutionConfigurationPlatforms) = preSolution
		Debug|Any CPU = Debug|Any CPU
		Release|Any CPU = Release|Any CPU
	EndGlobalSection
	GlobalSection(ProjectConfigurationPlatforms) = postSolution
		{814CFEF7-FA60-4F6A-9886-A6BD65F14E29}.Debug|Any CPU.ActiveCfg = Debug|Any CPU
		{814CFEF7-FA60-4F6A-9886-A6BD65F14E29}.Debug|Any CPU.Build.0 = Debug|Any CPU
		{814CFEF7-FA60-4F6A-9886-A6BD65F14E29}.Release|Any CPU.ActiveCfg = Release|Any CPU
		{814CFEF7-FA60-4F6A-9886-A6BD65F14E29}.Release|Any CPU.Build.0 = Release|Any CPU
		{DC9229A5-FDA9-4E1A-98A2-CF85A45AF63B}.Debug|Any CPU.ActiveCfg = Debug|Any CPU
		{DC9229A5-FDA9-4E1A-98A2-CF85A45AF63B}.Debug|Any CPU.Build.0 = Debug|Any CPU
		{DC9229A5-FDA9-4E1A-98A2-CF85A45AF63B}.Release|Any CPU.ActiveCfg = Release|Any CPU
		{DC9229A5-FDA9-4E1A-98A2-CF85A45AF63B}.Release|Any CPU.Build.0 = Release|Any CPU
	EndGlobalSection
	GlobalSection(SolutionProperties) = preSolution
		HideSolutionNode = FALSE
	EndGlobalSection
	GlobalSection(ExtensibilityGlobals) = postSolution
		SolutionGuid = {14851E7D-E5E4-414C-82AD-BB5CE2355040}
	EndGlobalSection
EndGlobal
